
Microsoft Visual Studio Solution File, Format Version 12.00
# Visual Studio Version 16
VisualStudioVersion = 16.0.29326.143
MinimumVisualStudioVersion = 10.0.40219.1
Project("{FAE04EC0-301F-11D3-BF4B-00C04F79EFBC}") = "Lesson1", "Lesson1\Lesson1.csproj", "{D1CCC4F0-57C8-41B9-8011-1B9320E56B54}"
EndProject
Project("{FAE04EC0-301F-11D3-BF4B-00C04F79EFBC}") = "format", "format\format.csproj", "{CE9B0BD9-5369-4AC1-85CB-2F11598D3240}"
EndProject
Global
	GlobalSection(SolutionConfigurationPlatforms) = preSolution
		Debug|Any CPU = Debug|Any CPU
		Release|Any CPU = Release|Any CPU
	EndGlobalSection
	GlobalSection(ProjectConfigurationPlatforms) = postSolution
		{D1CCC4F0-57C8-41B9-8011-1B9320E56B54}.Debug|Any CPU.ActiveCfg = Debug|Any CPU
		{D1CCC4F0-57C8-41B9-8011-1B9320E56B54}.Debug|Any CPU.Build.0 = Debug|Any CPU
		{D1CCC4F0-57C8-41B9-8011-1B9320E56B54}.Release|Any CPU.ActiveCfg = Release|Any CPU
		{D1CCC4F0-57C8-41B9-8011-1B9320E56B54}.Release|Any CPU.Build.0 = Release|Any CPU
		{CE9B0BD9-5369-4AC1-85CB-2F11598D3240}.Debug|Any CPU.ActiveCfg = Debug|Any CPU
		{CE9B0BD9-5369-4AC1-85CB-2F11598D3240}.Debug|Any CPU.Build.0 = Debug|Any CPU
		{CE9B0BD9-5369-4AC1-85CB-2F11598D3240}.Release|Any CPU.ActiveCfg = Release|Any CPU
		{CE9B0BD9-5369-4AC1-85CB-2F11598D3240}.Release|Any CPU.Build.0 = Release|Any CPU
	EndGlobalSection
	GlobalSection(SolutionProperties) = preSolution
		HideSolutionNode = FALSE
	EndGlobalSection
	GlobalSection(ExtensibilityGlobals) = postSolution
		SolutionGuid = {DA3B2FD6-E4F7-4B47-9529-27E48626214D}
	EndGlobalSection
EndGlobal
